
Microsoft Visual Studio Solution File, Format Version 12.00
# Visual Studio Version 17
VisualStudioVersion = 17.10.34607.79
MinimumVisualStudioVersion = 10.0.40219.1
Project("{FAE04EC0-301F-11D3-BF4B-00C04F79EFBC}") = "HS14JWT", "HS14JWT\HS14JWT.csproj", "{3F75D9D1-00BB-4A97-A1C8-B4BC106CA57E}"
EndProject
Global
	GlobalSection(SolutionConfigurationPlatforms) = preSolution
		Debug|Any CPU = Debug|Any CPU
		Release|Any CPU = Release|Any CPU
	EndGlobalSection
	GlobalSection(ProjectConfigurationPlatforms) = postSolution
		{3F75D9D1-00BB-4A97-A1C8-B4BC106CA57E}.Debug|Any CPU.ActiveCfg = Debug|Any CPU
		{3F75D9D1-00BB-4A97-A1C8-B4BC106CA57E}.Debug|Any CPU.Build.0 = Debug|Any CPU
		{3F75D9D1-00BB-4A97-A1C8-B4BC106CA57E}.Release|Any CPU.ActiveCfg = Release|Any CPU
		{3F75D9D1-00BB-4A97-A1C8-B4BC106CA57E}.Release|Any CPU.Build.0 = Release|Any CPU
	EndGlobalSection
	GlobalSection(SolutionProperties) = preSolution
		HideSolutionNode = FALSE
	EndGlobalSection
	GlobalSection(ExtensibilityGlobals) = postSolution
		SolutionGuid = {0300B91D-F847-44C2-853F-AD2FEA0D179A}
	EndGlobalSection
EndGlobal
